
Microsoft Visual Studio Solution File, Format Version 12.00
# Visual Studio Version 17
VisualStudioVersion = 17.13.35931.197
MinimumVisualStudioVersion = 10.0.40219.1
Project("{FAE04EC0-301F-11D3-BF4B-00C04F79EFBC}") = "IMAS.API.AkaunBelumTerima", "IMAS.API.AkaunBelumTerima\IMAS.API.AkaunBelumTerima.csproj", "{6305C0DD-0388-BB2A-B386-E2C0ACFD1F2F}"
EndProject
Project("{FAE04EC0-301F-11D3-BF4B-00C04F79EFBC}") = "IMAS.API.AkaunBelumTerima.Tests", "IMAS.API.AkaunBelumTerima.Tests\IMAS.API.AkaunBelumTerima.Tests.csproj", "{4946FE50-7C6E-1BDF-B812-2A3281C06E81}"
EndProject
Project("{FAE04EC0-301F-11D3-BF4B-00C04F79EFBC}") = "IMAS.Blazor.AkaunBelumTerima", "IMAS.Blazor.AkaunBelumTerima\IMAS.Blazor.AkaunBelumTerima.csproj", "{34C01E42-77A0-761A-CEE8-137D0B492ECF}"
EndProject
Global
	GlobalSection(SolutionConfigurationPlatforms) = preSolution
		Debug|Any CPU = Debug|Any CPU
		Release|Any CPU = Release|Any CPU
	EndGlobalSection
	GlobalSection(ProjectConfigurationPlatforms) = postSolution
		{6305C0DD-0388-BB2A-B386-E2C0ACFD1F2F}.Debug|Any CPU.ActiveCfg = Debug|Any CPU
		{6305C0DD-0388-BB2A-B386-E2C0ACFD1F2F}.Debug|Any CPU.Build.0 = Debug|Any CPU
		{6305C0DD-0388-BB2A-B386-E2C0ACFD1F2F}.Release|Any CPU.ActiveCfg = Release|Any CPU
		{6305C0DD-0388-BB2A-B386-E2C0ACFD1F2F}.Release|Any CPU.Build.0 = Release|Any CPU
		{4946FE50-7C6E-1BDF-B812-2A3281C06E81}.Debug|Any CPU.ActiveCfg = Debug|Any CPU
		{4946FE50-7C6E-1BDF-B812-2A3281C06E81}.Debug|Any CPU.Build.0 = Debug|Any CPU
		{4946FE50-7C6E-1BDF-B812-2A3281C06E81}.Release|Any CPU.ActiveCfg = Release|Any CPU
		{4946FE50-7C6E-1BDF-B812-2A3281C06E81}.Release|Any CPU.Build.0 = Release|Any CPU
		{34C01E42-77A0-761A-CEE8-137D0B492ECF}.Debug|Any CPU.ActiveCfg = Debug|Any CPU
		{34C01E42-77A0-761A-CEE8-137D0B492ECF}.Debug|Any CPU.Build.0 = Debug|Any CPU
		{34C01E42-77A0-761A-CEE8-137D0B492ECF}.Release|Any CPU.ActiveCfg = Release|Any CPU
		{34C01E42-77A0-761A-CEE8-137D0B492ECF}.Release|Any CPU.Build.0 = Release|Any CPU
	EndGlobalSection
	GlobalSection(SolutionProperties) = preSolution
		HideSolutionNode = FALSE
	EndGlobalSection
	GlobalSection(ExtensibilityGlobals) = postSolution
		SolutionGuid = {8B4957FB-8C90-40FF-B75C-1B08B6FBD71F}
	EndGlobalSection
EndGlobal
